// !$*UTF8*$!
{
	archiveVersion = 1;
	classes = {
	};
	objectVersion = 46;
	objects = {

/* Begin PBXBuildFile section */
		742774311DB53D310041B493 /* AppDelegate.swift in Sources */ = {isa = PBXBuildFile; fileRef = 742774301DB53D310041B493 /* AppDelegate.swift */; };
		742774331DB53D310041B493 /* SimpleController.swift in Sources */ = {isa = PBXBuildFile; fileRef = 742774321DB53D310041B493 /* SimpleController.swift */; };
		742774361DB53D310041B493 /* Main.storyboard in Resources */ = {isa = PBXBuildFile; fileRef = 742774341DB53D310041B493 /* Main.storyboard */; };
		742774381DB53D310041B493 /* Assets.xcassets in Resources */ = {isa = PBXBuildFile; fileRef = 742774371DB53D310041B493 /* Assets.xcassets */; };
		7427743B1DB53D310041B493 /* LaunchScreen.storyboard in Resources */ = {isa = PBXBuildFile; fileRef = 742774391DB53D310041B493 /* LaunchScreen.storyboard */; };
		7427745B1DB53F240041B493 /* Alamofire.framework in Frameworks */ = {isa = PBXBuildFile; fileRef = 7427744E1DB53F170041B493 /* Alamofire.framework */; };
		7427745C1DB53F240041B493 /* Alamofire.framework in Embed Frameworks */ = {isa = PBXBuildFile; fileRef = 7427744E1DB53F170041B493 /* Alamofire.framework */; settings = {ATTRIBUTES = (CodeSignOnCopy, RemoveHeadersOnCopy, ); }; };
		742774781DB53F380041B493 /* SwiftyJSON.framework in Frameworks */ = {isa = PBXBuildFile; fileRef = 7427746B1DB53F300041B493 /* SwiftyJSON.framework */; };
		742774791DB53F380041B493 /* SwiftyJSON.framework in Embed Frameworks */ = {isa = PBXBuildFile; fileRef = 7427746B1DB53F300041B493 /* SwiftyJSON.framework */; settings = {ATTRIBUTES = (CodeSignOnCopy, RemoveHeadersOnCopy, ); }; };
		742774801DB54D300041B493 /* Service.swift in Sources */ = {isa = PBXBuildFile; fileRef = 7427747F1DB54D300041B493 /* Service.swift */; };
		742774821DB54D600041B493 /* SimpleModel.swift in Sources */ = {isa = PBXBuildFile; fileRef = 742774811DB54D600041B493 /* SimpleModel.swift */; };
		7427748A1DB5E13D0041B493 /* StoredData.swift in Sources */ = {isa = PBXBuildFile; fileRef = 742774891DB5E13D0041B493 /* StoredData.swift */; };
		7438C7811DDE3771006209C7 /* SimpleStoredData.swift in Sources */ = {isa = PBXBuildFile; fileRef = 7438C7801DDE3771006209C7 /* SimpleStoredData.swift */; };
		7438C7831DDE37CB006209C7 /* SimpleService.swift in Sources */ = {isa = PBXBuildFile; fileRef = 7438C7821DDE37CB006209C7 /* SimpleService.swift */; };
		745A06001DB5FD410018AC12 /* Dynamic.swift in Sources */ = {isa = PBXBuildFile; fileRef = 745A05FF1DB5FD410018AC12 /* Dynamic.swift */; };
		745A06021DB6B0680018AC12 /* SimpleViewModel.swift in Sources */ = {isa = PBXBuildFile; fileRef = 745A06011DB6B0680018AC12 /* SimpleViewModel.swift */; };
/* End PBXBuildFile section */

/* Begin PBXContainerItemProxy section */
		7427744D1DB53F170041B493 /* PBXContainerItemProxy */ = {
			isa = PBXContainerItemProxy;
			containerPortal = 742774421DB53F170041B493 /* Alamofire.xcodeproj */;
			proxyType = 2;
			remoteGlobalIDString = F8111E3319A95C8B0040E7D1;
			remoteInfo = "Alamofire iOS";
		};
		7427744F1DB53F170041B493 /* PBXContainerItemProxy */ = {
			isa = PBXContainerItemProxy;
			containerPortal = 742774421DB53F170041B493 /* Alamofire.xcodeproj */;
			proxyType = 2;
			remoteGlobalIDString = F8111E3E19A95C8B0040E7D1;
			remoteInfo = "Alamofire iOS Tests";
		};
		742774511DB53F170041B493 /* PBXContainerItemProxy */ = {
			isa = PBXContainerItemProxy;
			containerPortal = 742774421DB53F170041B493 /* Alamofire.xcodeproj */;
			proxyType = 2;
			remoteGlobalIDString = 4DD67C0B1A5C55C900ED2280;
			remoteInfo = "Alamofire macOS";
		};
		742774531DB53F170041B493 /* PBXContainerItemProxy */ = {
			isa = PBXContainerItemProxy;
			containerPortal = 742774421DB53F170041B493 /* Alamofire.xcodeproj */;
			proxyType = 2;
			remoteGlobalIDString = F829C6B21A7A94F100A2CD59;
			remoteInfo = "Alamofire macOS Tests";
		};
		742774551DB53F170041B493 /* PBXContainerItemProxy */ = {
			isa = PBXContainerItemProxy;
			containerPortal = 742774421DB53F170041B493 /* Alamofire.xcodeproj */;
			proxyType = 2;
			remoteGlobalIDString = 4CF626EF1BA7CB3E0011A099;
			remoteInfo = "Alamofire tvOS";
		};
		742774571DB53F170041B493 /* PBXContainerItemProxy */ = {
			isa = PBXContainerItemProxy;
			containerPortal = 742774421DB53F170041B493 /* Alamofire.xcodeproj */;
			proxyType = 2;
			remoteGlobalIDString = 4CF626F81BA7CB3E0011A099;
			remoteInfo = "Alamofire tvOS Tests";
		};
		742774591DB53F170041B493 /* PBXContainerItemProxy */ = {
			isa = PBXContainerItemProxy;
			containerPortal = 742774421DB53F170041B493 /* Alamofire.xcodeproj */;
			proxyType = 2;
			remoteGlobalIDString = E4202FE01B667AA100C997FB;
			remoteInfo = "Alamofire watchOS";
		};
		7427745D1DB53F240041B493 /* PBXContainerItemProxy */ = {
			isa = PBXContainerItemProxy;
			containerPortal = 742774421DB53F170041B493 /* Alamofire.xcodeproj */;
			proxyType = 1;
			remoteGlobalIDString = F8111E3219A95C8B0040E7D1;
			remoteInfo = "Alamofire iOS";
		};
		7427746A1DB53F300041B493 /* PBXContainerItemProxy */ = {
			isa = PBXContainerItemProxy;
			containerPortal = 742774601DB53F300041B493 /* SwiftyJSON.xcodeproj */;
			proxyType = 2;
			remoteGlobalIDString = 2E4FEFDB19575BE100351305;
			remoteInfo = "SwiftyJSON iOS";
		};
		7427746C1DB53F300041B493 /* PBXContainerItemProxy */ = {
			isa = PBXContainerItemProxy;
			containerPortal = 742774601DB53F300041B493 /* SwiftyJSON.xcodeproj */;
			proxyType = 2;
			remoteGlobalIDString = 2E4FEFE619575BE100351305;
			remoteInfo = "SwiftyJSON iOS Tests";
		};
		7427746E1DB53F300041B493 /* PBXContainerItemProxy */ = {
			isa = PBXContainerItemProxy;
			containerPortal = 742774601DB53F300041B493 /* SwiftyJSON.xcodeproj */;
			proxyType = 2;
			remoteGlobalIDString = 9C7DFC5B1A9102BD005AA3F7;
			remoteInfo = "SwiftyJSON OSX";
		};
		742774701DB53F300041B493 /* PBXContainerItemProxy */ = {
			isa = PBXContainerItemProxy;
			containerPortal = 742774601DB53F300041B493 /* SwiftyJSON.xcodeproj */;
			proxyType = 2;
			remoteGlobalIDString = 9C7DFC651A9102BD005AA3F7;
			remoteInfo = "SwiftyJSON OSX Tests";
		};
		742774721DB53F300041B493 /* PBXContainerItemProxy */ = {
			isa = PBXContainerItemProxy;
			containerPortal = 742774601DB53F300041B493 /* SwiftyJSON.xcodeproj */;
			proxyType = 2;
			remoteGlobalIDString = E4D7CCE81B9465A700EE7221;
			remoteInfo = "SwiftyJSON watchOS";
		};
		742774741DB53F300041B493 /* PBXContainerItemProxy */ = {
			isa = PBXContainerItemProxy;
			containerPortal = 742774601DB53F300041B493 /* SwiftyJSON.xcodeproj */;
			proxyType = 2;
			remoteGlobalIDString = 7236B4F61BAC14150020529B;
			remoteInfo = "SwiftyJSON tvOS";
		};
		742774761DB53F300041B493 /* PBXContainerItemProxy */ = {
			isa = PBXContainerItemProxy;
			containerPortal = 742774601DB53F300041B493 /* SwiftyJSON.xcodeproj */;
			proxyType = 2;
			remoteGlobalIDString = A8580F741BCF5C5B00DA927B;
			remoteInfo = "SwiftyJSON tvOS Tests";
		};
		7427747A1DB53F380041B493 /* PBXContainerItemProxy */ = {
			isa = PBXContainerItemProxy;
			containerPortal = 742774601DB53F300041B493 /* SwiftyJSON.xcodeproj */;
			proxyType = 1;
			remoteGlobalIDString = 2E4FEFDA19575BE100351305;
			remoteInfo = "SwiftyJSON iOS";
		};
/* End PBXContainerItemProxy section */

/* Begin PBXCopyFilesBuildPhase section */
		7427745F1DB53F240041B493 /* Embed Frameworks */ = {
			isa = PBXCopyFilesBuildPhase;
			buildActionMask = 2147483647;
			dstPath = "";
			dstSubfolderSpec = 10;
			files = (
				742774791DB53F380041B493 /* SwiftyJSON.framework in Embed Frameworks */,
				7427745C1DB53F240041B493 /* Alamofire.framework in Embed Frameworks */,
			);
			name = "Embed Frameworks";
			runOnlyForDeploymentPostprocessing = 0;
		};
/* End PBXCopyFilesBuildPhase section */

/* Begin PBXFileReference section */
		7427742D1DB53D310041B493 /* ServicePrototype.app */ = {isa = PBXFileReference; explicitFileType = wrapper.application; includeInIndex = 0; path = ServicePrototype.app; sourceTree = BUILT_PRODUCTS_DIR; };
		742774301DB53D310041B493 /* AppDelegate.swift */ = {isa = PBXFileReference; lastKnownFileType = sourcecode.swift; path = AppDelegate.swift; sourceTree = "<group>"; };
		742774321DB53D310041B493 /* SimpleController.swift */ = {isa = PBXFileReference; lastKnownFileType = sourcecode.swift; path = SimpleController.swift; sourceTree = "<group>"; };
		742774351DB53D310041B493 /* Base */ = {isa = PBXFileReference; lastKnownFileType = file.storyboard; name = Base; path = Base.lproj/Main.storyboard; sourceTree = "<group>"; };
		742774371DB53D310041B493 /* Assets.xcassets */ = {isa = PBXFileReference; lastKnownFileType = folder.assetcatalog; path = Assets.xcassets; sourceTree = "<group>"; };
		7427743A1DB53D310041B493 /* Base */ = {isa = PBXFileReference; lastKnownFileType = file.storyboard; name = Base; path = Base.lproj/LaunchScreen.storyboard; sourceTree = "<group>"; };
		7427743C1DB53D310041B493 /* Info.plist */ = {isa = PBXFileReference; lastKnownFileType = text.plist.xml; path = Info.plist; sourceTree = "<group>"; };
		742774421DB53F170041B493 /* Alamofire.xcodeproj */ = {isa = PBXFileReference; lastKnownFileType = "wrapper.pb-project"; name = Alamofire.xcodeproj; path = Alamofire/Alamofire.xcodeproj; sourceTree = "<group>"; };
		742774601DB53F300041B493 /* SwiftyJSON.xcodeproj */ = {isa = PBXFileReference; lastKnownFileType = "wrapper.pb-project"; name = SwiftyJSON.xcodeproj; path = SwiftyJSON/SwiftyJSON.xcodeproj; sourceTree = "<group>"; };
		7427747F1DB54D300041B493 /* Service.swift */ = {isa = PBXFileReference; fileEncoding = 4; lastKnownFileType = sourcecode.swift; path = Service.swift; sourceTree = "<group>"; };
		742774811DB54D600041B493 /* SimpleModel.swift */ = {isa = PBXFileReference; fileEncoding = 4; lastKnownFileType = sourcecode.swift; path = SimpleModel.swift; sourceTree = "<group>"; };
		742774891DB5E13D0041B493 /* StoredData.swift */ = {isa = PBXFileReference; fileEncoding = 4; lastKnownFileType = sourcecode.swift; path = StoredData.swift; sourceTree = "<group>"; };
		7438C7801DDE3771006209C7 /* SimpleStoredData.swift */ = {isa = PBXFileReference; fileEncoding = 4; lastKnownFileType = sourcecode.swift; path = SimpleStoredData.swift; sourceTree = "<group>"; };
		7438C7821DDE37CB006209C7 /* SimpleService.swift */ = {isa = PBXFileReference; fileEncoding = 4; lastKnownFileType = sourcecode.swift; path = SimpleService.swift; sourceTree = "<group>"; };
		745A05FF1DB5FD410018AC12 /* Dynamic.swift */ = {isa = PBXFileReference; fileEncoding = 4; lastKnownFileType = sourcecode.swift; path = Dynamic.swift; sourceTree = "<group>"; };
		745A06011DB6B0680018AC12 /* SimpleViewModel.swift */ = {isa = PBXFileReference; fileEncoding = 4; lastKnownFileType = sourcecode.swift; path = SimpleViewModel.swift; sourceTree = "<group>"; };
/* End PBXFileReference section */

/* Begin PBXFrameworksBuildPhase section */
		7427742A1DB53D310041B493 /* Frameworks */ = {
			isa = PBXFrameworksBuildPhase;
			buildActionMask = 2147483647;
			files = (
				742774781DB53F380041B493 /* SwiftyJSON.framework in Frameworks */,
				7427745B1DB53F240041B493 /* Alamofire.framework in Frameworks */,
			);
			runOnlyForDeploymentPostprocessing = 0;
		};
/* End PBXFrameworksBuildPhase section */

/* Begin PBXGroup section */
		742774241DB53D310041B493 = {
			isa = PBXGroup;
			children = (
				7427742F1DB53D310041B493 /* ServicePrototype */,
				7427742E1DB53D310041B493 /* Products */,
				742774601DB53F300041B493 /* SwiftyJSON.xcodeproj */,
				742774421DB53F170041B493 /* Alamofire.xcodeproj */,
			);
			sourceTree = "<group>";
		};
		7427742E1DB53D310041B493 /* Products */ = {
			isa = PBXGroup;
			children = (
				7427742D1DB53D310041B493 /* ServicePrototype.app */,
			);
			name = Products;
			sourceTree = "<group>";
		};
		7427742F1DB53D310041B493 /* ServicePrototype */ = {
			isa = PBXGroup;
			children = (
				7427743C1DB53D310041B493 /* Info.plist */,
				742774301DB53D310041B493 /* AppDelegate.swift */,
				7427747D1DB54BD80041B493 /* Storyboards */,
				7427747C1DB54BC70041B493 /* Controllers */,
				7438C7841DDE3829006209C7 /* ViewModels */,
				7438C7851DDE384E006209C7 /* Models */,
				7438C7711DDE36EC006209C7 /* FrameWork */,
				742774371DB53D310041B493 /* Assets.xcassets */,
			);
			path = ServicePrototype;
			sourceTree = "<group>";
		};
		742774431DB53F170041B493 /* Products */ = {
			isa = PBXGroup;
			children = (
				7427744E1DB53F170041B493 /* Alamofire.framework */,
				742774501DB53F170041B493 /* Alamofire iOS Tests.xctest */,
				742774521DB53F170041B493 /* Alamofire.framework */,
				742774541DB53F170041B493 /* Alamofire macOS Tests.xctest */,
				742774561DB53F170041B493 /* Alamofire.framework */,
				742774581DB53F170041B493 /* Alamofire tvOS Tests.xctest */,
				7427745A1DB53F170041B493 /* Alamofire.framework */,
			);
			name = Products;
			sourceTree = "<group>";
		};
		742774611DB53F300041B493 /* Products */ = {
			isa = PBXGroup;
			children = (
				7427746B1DB53F300041B493 /* SwiftyJSON.framework */,
				7427746D1DB53F300041B493 /* SwiftyJSON iOS Tests.xctest */,
				7427746F1DB53F300041B493 /* SwiftyJSON.framework */,
				742774711DB53F300041B493 /* SwiftyJSON OSX Tests.xctest */,
				742774731DB53F300041B493 /* SwiftyJSON.framework */,
				742774751DB53F300041B493 /* SwiftyJSON.framework */,
				742774771DB53F300041B493 /* SwiftyJSON tvOS Tests.xctest */,
			);
			name = Products;
			sourceTree = "<group>";
		};
		7427747C1DB54BC70041B493 /* Controllers */ = {
			isa = PBXGroup;
			children = (
				742774321DB53D310041B493 /* SimpleController.swift */,
			);
			name = Controllers;
			sourceTree = "<group>";
		};
		7427747D1DB54BD80041B493 /* Storyboards */ = {
			isa = PBXGroup;
			children = (
				742774391DB53D310041B493 /* LaunchScreen.storyboard */,
				742774341DB53D310041B493 /* Main.storyboard */,
			);
			name = Storyboards;
			sourceTree = "<group>";
		};
		7438C7711DDE36EC006209C7 /* FrameWork */ = {
			isa = PBXGroup;
			children = (
				7427747F1DB54D300041B493 /* Service.swift */,
				745A05FF1DB5FD410018AC12 /* Dynamic.swift */,
				742774891DB5E13D0041B493 /* StoredData.swift */,
			);
			name = FrameWork;
			sourceTree = "<group>";
		};
		7438C77F1DDE3744006209C7 /* Simple */ = {
			isa = PBXGroup;
			children = (
				742774811DB54D600041B493 /* SimpleModel.swift */,
				7438C7801DDE3771006209C7 /* SimpleStoredData.swift */,
				7438C7821DDE37CB006209C7 /* SimpleService.swift */,
			);
			name = Simple;
			sourceTree = "<group>";
		};
		7438C7841DDE3829006209C7 /* ViewModels */ = {
			isa = PBXGroup;
			children = (
				745A06011DB6B0680018AC12 /* SimpleViewModel.swift */,
			);
			name = ViewModels;
			sourceTree = "<group>";
		};
		7438C7851DDE384E006209C7 /* Models */ = {
			isa = PBXGroup;
			children = (
				7438C77F1DDE3744006209C7 /* Simple */,
			);
			name = Models;
			sourceTree = "<group>";
		};
/* End PBXGroup section */

/* Begin PBXNativeTarget section */
		7427742C1DB53D310041B493 /* ServicePrototype */ = {
			isa = PBXNativeTarget;
			buildConfigurationList = 7427743F1DB53D310041B493 /* Build configuration list for PBXNativeTarget "ServicePrototype" */;
			buildPhases = (
				742774291DB53D310041B493 /* Sources */,
				7427742A1DB53D310041B493 /* Frameworks */,
				7427742B1DB53D310041B493 /* Resources */,
				7427745F1DB53F240041B493 /* Embed Frameworks */,
			);
			buildRules = (
			);
			dependencies = (
				7427745E1DB53F240041B493 /* PBXTargetDependency */,
				7427747B1DB53F380041B493 /* PBXTargetDependency */,
			);
			name = ServicePrototype;
			productName = ServicePrototype;
			productReference = 7427742D1DB53D310041B493 /* ServicePrototype.app */;
			productType = "com.apple.product-type.application";
		};
/* End PBXNativeTarget section */

/* Begin PBXProject section */
		742774251DB53D310041B493 /* Project object */ = {
			isa = PBXProject;
			attributes = {
				LastSwiftUpdateCheck = 0800;
				LastUpgradeCheck = 0800;
				ORGANIZATIONNAME = "Isaac Perry";
				TargetAttributes = {
					7427742C1DB53D310041B493 = {
						CreatedOnToolsVersion = 8.0;
						DevelopmentTeam = G349RR4GNU;
						ProvisioningStyle = Automatic;
					};
				};
			};
			buildConfigurationList = 742774281DB53D310041B493 /* Build configuration list for PBXProject "ServicePrototype" */;
			compatibilityVersion = "Xcode 3.2";
			developmentRegion = English;
			hasScannedForEncodings = 0;
			knownRegions = (
				en,
				Base,
			);
			mainGroup = 742774241DB53D310041B493;
			productRefGroup = 7427742E1DB53D310041B493 /* Products */;
			projectDirPath = "";
			projectReferences = (
				{
					ProductGroup = 742774431DB53F170041B493 /* Products */;
					ProjectRef = 742774421DB53F170041B493 /* Alamofire.xcodeproj */;
				},
				{
					ProductGroup = 742774611DB53F300041B493 /* Products */;
					ProjectRef = 742774601DB53F300041B493 /* SwiftyJSON.xcodeproj */;
				},
			);
			projectRoot = "";
			targets = (
				7427742C1DB53D310041B493 /* ServicePrototype */,
			);
		};
/* End PBXProject section */

/* Begin PBXReferenceProxy section */
		7427744E1DB53F170041B493 /* Alamofire.framework */ = {
			isa = PBXReferenceProxy;
			fileType = wrapper.framework;
			path = Alamofire.framework;
			remoteRef = 7427744D1DB53F170041B493 /* PBXContainerItemProxy */;
			sourceTree = BUILT_PRODUCTS_DIR;
		};
		742774501DB53F170041B493 /* Alamofire iOS Tests.xctest */ = {
			isa = PBXReferenceProxy;
			fileType = wrapper.cfbundle;
			path = "Alamofire iOS Tests.xctest";
			remoteRef = 7427744F1DB53F170041B493 /* PBXContainerItemProxy */;
			sourceTree = BUILT_PRODUCTS_DIR;
		};
		742774521DB53F170041B493 /* Alamofire.framework */ = {
			isa = PBXReferenceProxy;
			fileType = wrapper.framework;
			path = Alamofire.framework;
			remoteRef = 742774511DB53F170041B493 /* PBXContainerItemProxy */;
			sourceTree = BUILT_PRODUCTS_DIR;
		};
		742774541DB53F170041B493 /* Alamofire macOS Tests.xctest */ = {
			isa = PBXReferenceProxy;
			fileType = wrapper.cfbundle;
			path = "Alamofire macOS Tests.xctest";
			remoteRef = 742774531DB53F170041B493 /* PBXContainerItemProxy */;
			sourceTree = BUILT_PRODUCTS_DIR;
		};
		742774561DB53F170041B493 /* Alamofire.framework */ = {
			isa = PBXReferenceProxy;
			fileType = wrapper.framework;
			path = Alamofire.framework;
			remoteRef = 742774551DB53F170041B493 /* PBXContainerItemProxy */;
			sourceTree = BUILT_PRODUCTS_DIR;
		};
		742774581DB53F170041B493 /* Alamofire tvOS Tests.xctest */ = {
			isa = PBXReferenceProxy;
			fileType = wrapper.cfbundle;
			path = "Alamofire tvOS Tests.xctest";
			remoteRef = 742774571DB53F170041B493 /* PBXContainerItemProxy */;
			sourceTree = BUILT_PRODUCTS_DIR;
		};
		7427745A1DB53F170041B493 /* Alamofire.framework */ = {
			isa = PBXReferenceProxy;
			fileType = wrapper.framework;
			path = Alamofire.framework;
			remoteRef = 742774591DB53F170041B493 /* PBXContainerItemProxy */;
			sourceTree = BUILT_PRODUCTS_DIR;
		};
		7427746B1DB53F300041B493 /* SwiftyJSON.framework */ = {
			isa = PBXReferenceProxy;
			fileType = wrapper.framework;
			path = SwiftyJSON.framework;
			remoteRef = 7427746A1DB53F300041B493 /* PBXContainerItemProxy */;
			sourceTree = BUILT_PRODUCTS_DIR;
		};
		7427746D1DB53F300041B493 /* SwiftyJSON iOS Tests.xctest */ = {
			isa = PBXReferenceProxy;
			fileType = wrapper.cfbundle;
			path = "SwiftyJSON iOS Tests.xctest";
			remoteRef = 7427746C1DB53F300041B493 /* PBXContainerItemProxy */;
			sourceTree = BUILT_PRODUCTS_DIR;
		};
		7427746F1DB53F300041B493 /* SwiftyJSON.framework */ = {
			isa = PBXReferenceProxy;
			fileType = wrapper.framework;
			path = SwiftyJSON.framework;
			remoteRef = 7427746E1DB53F300041B493 /* PBXContainerItemProxy */;
			sourceTree = BUILT_PRODUCTS_DIR;
		};
		742774711DB53F300041B493 /* SwiftyJSON OSX Tests.xctest */ = {
			isa = PBXReferenceProxy;
			fileType = wrapper.cfbundle;
			path = "SwiftyJSON OSX Tests.xctest";
			remoteRef = 742774701DB53F300041B493 /* PBXContainerItemProxy */;
			sourceTree = BUILT_PRODUCTS_DIR;
		};
		742774731DB53F300041B493 /* SwiftyJSON.framework */ = {
			isa = PBXReferenceProxy;
			fileType = wrapper.framework;
			path = SwiftyJSON.framework;
			remoteRef = 742774721DB53F300041B493 /* PBXContainerItemProxy */;
			sourceTree = BUILT_PRODUCTS_DIR;
		};
		742774751DB53F300041B493 /* SwiftyJSON.framework */ = {
			isa = PBXReferenceProxy;
			fileType = wrapper.framework;
			path = SwiftyJSON.framework;
			remoteRef = 742774741DB53F300041B493 /* PBXContainerItemProxy */;
			sourceTree = BUILT_PRODUCTS_DIR;
		};
		742774771DB53F300041B493 /* SwiftyJSON tvOS Tests.xctest */ = {
			isa = PBXReferenceProxy;
			fileType = wrapper.cfbundle;
			path = "SwiftyJSON tvOS Tests.xctest";
			remoteRef = 742774761DB53F300041B493 /* PBXContainerItemProxy */;
			sourceTree = BUILT_PRODUCTS_DIR;
		};
/* End PBXReferenceProxy section */

/* Begin PBXResourcesBuildPhase section */
		7427742B1DB53D310041B493 /* Resources */ = {
			isa = PBXResourcesBuildPhase;
			buildActionMask = 2147483647;
			files = (
				7427743B1DB53D310041B493 /* LaunchScreen.storyboard in Resources */,
				742774381DB53D310041B493 /* Assets.xcassets in Resources */,
				742774361DB53D310041B493 /* Main.storyboard in Resources */,
			);
			runOnlyForDeploymentPostprocessing = 0;
		};
/* End PBXResourcesBuildPhase section */

/* Begin PBXSourcesBuildPhase section */
		742774291DB53D310041B493 /* Sources */ = {
			isa = PBXSourcesBuildPhase;
			buildActionMask = 2147483647;
			files = (
				742774331DB53D310041B493 /* SimpleController.swift in Sources */,
				742774821DB54D600041B493 /* SimpleModel.swift in Sources */,
				742774311DB53D310041B493 /* AppDelegate.swift in Sources */,
				7438C7831DDE37CB006209C7 /* SimpleService.swift in Sources */,
				745A06001DB5FD410018AC12 /* Dynamic.swift in Sources */,
				745A06021DB6B0680018AC12 /* SimpleViewModel.swift in Sources */,
				7427748A1DB5E13D0041B493 /* StoredData.swift in Sources */,
				7438C7811DDE3771006209C7 /* SimpleStoredData.swift in Sources */,
				742774801DB54D300041B493 /* Service.swift in Sources */,
			);
			runOnlyForDeploymentPostprocessing = 0;
		};
/* End PBXSourcesBuildPhase section */

/* Begin PBXTargetDependency section */
		7427745E1DB53F240041B493 /* PBXTargetDependency */ = {
			isa = PBXTargetDependency;
			name = "Alamofire iOS";
			targetProxy = 7427745D1DB53F240041B493 /* PBXContainerItemProxy */;
		};
		7427747B1DB53F380041B493 /* PBXTargetDependency */ = {
			isa = PBXTargetDependency;
			name = "SwiftyJSON iOS";
			targetProxy = 7427747A1DB53F380041B493 /* PBXContainerItemProxy */;
		};
/* End PBXTargetDependency section */

/* Begin PBXVariantGroup section */
		742774341DB53D310041B493 /* Main.storyboard */ = {
			isa = PBXVariantGroup;
			children = (
				742774351DB53D310041B493 /* Base */,
			);
			name = Main.storyboard;
			sourceTree = "<group>";
		};
		742774391DB53D310041B493 /* LaunchScreen.storyboard */ = {
			isa = PBXVariantGroup;
			children = (
				7427743A1DB53D310041B493 /* Base */,
			);
			name = LaunchScreen.storyboard;
			sourceTree = "<group>";
		};
/* End PBXVariantGroup section */

/* Begin XCBuildConfiguration section */
		7427743D1DB53D310041B493 /* Debug */ = {
			isa = XCBuildConfiguration;
			buildSettings = {
				ALWAYS_SEARCH_USER_PATHS = NO;
				CLANG_ANALYZER_NONNULL = YES;
				CLANG_CXX_LANGUAGE_STANDARD = "gnu++0x";
				CLANG_CXX_LIBRARY = "libc++";
				CLANG_ENABLE_MODULES = YES;
				CLANG_ENABLE_OBJC_ARC = YES;
				CLANG_WARN_BOOL_CONVERSION = YES;
				CLANG_WARN_CONSTANT_CONVERSION = YES;
				CLANG_WARN_DIRECT_OBJC_ISA_USAGE = YES_ERROR;
				CLANG_WARN_DOCUMENTATION_COMMENTS = YES;
				CLANG_WARN_EMPTY_BODY = YES;
				CLANG_WARN_ENUM_CONVERSION = YES;
				CLANG_WARN_INFINITE_RECURSION = YES;
				CLANG_WARN_INT_CONVERSION = YES;
				CLANG_WARN_OBJC_ROOT_CLASS = YES_ERROR;
				CLANG_WARN_SUSPICIOUS_MOVES = YES;
				CLANG_WARN_UNREACHABLE_CODE = YES;
				CLANG_WARN__DUPLICATE_METHOD_MATCH = YES;
				"CODE_SIGN_IDENTITY[sdk=iphoneos*]" = "iPhone Developer";
				COPY_PHASE_STRIP = NO;
				DEBUG_INFORMATION_FORMAT = dwarf;
				ENABLE_STRICT_OBJC_MSGSEND = YES;
				ENABLE_TESTABILITY = YES;
				GCC_C_LANGUAGE_STANDARD = gnu99;
				GCC_DYNAMIC_NO_PIC = NO;
				GCC_NO_COMMON_BLOCKS = YES;
				GCC_OPTIMIZATION_LEVEL = 0;
				GCC_PREPROCESSOR_DEFINITIONS = (
					"DEBUG=1",
					"$(inherited)",
				);
				GCC_WARN_64_TO_32_BIT_CONVERSION = YES;
				GCC_WARN_ABOUT_RETURN_TYPE = YES_ERROR;
				GCC_WARN_UNDECLARED_SELECTOR = YES;
				GCC_WARN_UNINITIALIZED_AUTOS = YES_AGGRESSIVE;
				GCC_WARN_UNUSED_FUNCTION = YES;
				GCC_WARN_UNUSED_VARIABLE = YES;
				IPHONEOS_DEPLOYMENT_TARGET = 10.0;
				MTL_ENABLE_DEBUG_INFO = YES;
				ONLY_ACTIVE_ARCH = YES;
				SDKROOT = iphoneos;
				SWIFT_ACTIVE_COMPILATION_CONDITIONS = DEBUG;
				SWIFT_OPTIMIZATION_LEVEL = "-Onone";
				TARGETED_DEVICE_FAMILY = "1,2";
			};
			name = Debug;
		};
		7427743E1DB53D310041B493 /* Release */ = {
			isa = XCBuildConfiguration;
			buildSettings = {
				ALWAYS_SEARCH_USER_PATHS = NO;
				CLANG_ANALYZER_NONNULL = YES;
				CLANG_CXX_LANGUAGE_STANDARD = "gnu++0x";
				CLANG_CXX_LIBRARY = "libc++";
				CLANG_ENABLE_MODULES = YES;
				CLANG_ENABLE_OBJC_ARC = YES;
				CLANG_WARN_BOOL_CONVERSION = YES;
				CLANG_WARN_CONSTANT_CONVERSION = YES;
				CLANG_WARN_DIRECT_OBJC_ISA_USAGE = YES_ERROR;
				CLANG_WARN_DOCUMENTATION_COMMENTS = YES;
				CLANG_WARN_EMPTY_BODY = YES;
				CLANG_WARN_ENUM_CONVERSION = YES;
				CLANG_WARN_INFINITE_RECURSION = YES;
				CLANG_WARN_INT_CONVERSION = YES;
				CLANG_WARN_OBJC_ROOT_CLASS = YES_ERROR;
				CLANG_WARN_SUSPICIOUS_MOVES = YES;
				CLANG_WARN_UNREACHABLE_CODE = YES;
				CLANG_WARN__DUPLICATE_METHOD_MATCH = YES;
				"CODE_SIGN_IDENTITY[sdk=iphoneos*]" = "iPhone Developer";
				COPY_PHASE_STRIP = NO;
				DEBUG_INFORMATION_FORMAT = "dwarf-with-dsym";
				ENABLE_NS_ASSERTIONS = NO;
				ENABLE_STRICT_OBJC_MSGSEND = YES;
				GCC_C_LANGUAGE_STANDARD = gnu99;
				GCC_NO_COMMON_BLOCKS = YES;
				GCC_WARN_64_TO_32_BIT_CONVERSION = YES;
				GCC_WARN_ABOUT_RETURN_TYPE = YES_ERROR;
				GCC_WARN_UNDECLARED_SELECTOR = YES;
				GCC_WARN_UNINITIALIZED_AUTOS = YES_AGGRESSIVE;
				GCC_WARN_UNUSED_FUNCTION = YES;
				GCC_WARN_UNUSED_VARIABLE = YES;
				IPHONEOS_DEPLOYMENT_TARGET = 10.0;
				MTL_ENABLE_DEBUG_INFO = NO;
				SDKROOT = iphoneos;
				SWIFT_OPTIMIZATION_LEVEL = "-Owholemodule";
				TARGETED_DEVICE_FAMILY = "1,2";
				VALIDATE_PRODUCT = YES;
			};
			name = Release;
		};
		742774401DB53D310041B493 /* Debug */ = {
			isa = XCBuildConfiguration;
			buildSettings = {
				ALWAYS_EMBED_SWIFT_STANDARD_LIBRARIES = YES;
				ASSETCATALOG_COMPILER_APPICON_NAME = AppIcon;
				DEVELOPMENT_TEAM = G349RR4GNU;
				INFOPLIST_FILE = ServicePrototype/Info.plist;
				LD_RUNPATH_SEARCH_PATHS = "$(inherited) @executable_path/Frameworks";
				PRODUCT_BUNDLE_IDENTIFIER = com.games.IsaacPerry.ServicePrototype;
				PRODUCT_NAME = "$(TARGET_NAME)";
				SWIFT_VERSION = 3.0;
			};
			name = Debug;
		};
		742774411DB53D310041B493 /* Release */ = {
			isa = XCBuildConfiguration;
			buildSettings = {
				ALWAYS_EMBED_SWIFT_STANDARD_LIBRARIES = YES;
				ASSETCATALOG_COMPILER_APPICON_NAME = AppIcon;
				DEVELOPMENT_TEAM = G349RR4GNU;
				INFOPLIST_FILE = ServicePrototype/Info.plist;
				LD_RUNPATH_SEARCH_PATHS = "$(inherited) @executable_path/Frameworks";
				PRODUCT_BUNDLE_IDENTIFIER = com.games.IsaacPerry.ServicePrototype;
				PRODUCT_NAME = "$(TARGET_NAME)";
				SWIFT_VERSION = 3.0;
			};
			name = Release;
		};
/* End XCBuildConfiguration section */

/* Begin XCConfigurationList section */
		742774281DB53D310041B493 /* Build configuration list for PBXProject "ServicePrototype" */ = {
			isa = XCConfigurationList;
			buildConfigurations = (
				7427743D1DB53D310041B493 /* Debug */,
				7427743E1DB53D310041B493 /* Release */,
			);
			defaultConfigurationIsVisible = 0;
			defaultConfigurationName = Release;
		};
		7427743F1DB53D310041B493 /* Build configuration list for PBXNativeTarget "ServicePrototype" */ = {
			isa = XCConfigurationList;
			buildConfigurations = (
				742774401DB53D310041B493 /* Debug */,
				742774411DB53D310041B493 /* Release */,
			);
			defaultConfigurationIsVisible = 0;
			defaultConfigurationName = Release;
		};
/* End XCConfigurationList section */
	};
	rootObject = 742774251DB53D310041B493 /* Project object */;
}
